PODS:
  - DocuSign (2.1.2)
  - ProgressHUD (2.51)

DEPENDENCIES:
  - DocuSign
  - ProgressHUD

SPEC REPOS:
  https://github.com/cocoapods/specs.git:
    - DocuSign
    - ProgressHUD

SPEC CHECKSUMS:
  DocuSign: 70dc9f7af7301e671671abacb0a41262e81ec8dd
  ProgressHUD: 54b4c2fa202bf3da7dddc1c698ae4e6376333bd9

PODFILE CHECKSUM: 758403da6a9422131f4de84eaf591a4321b30f25

COCOAPODS: 1.5.3
